// !$*UTF8*$!
{
	archiveVersion = 1;
	classes = {
	};
	objectVersion = 46;
	objects = {

/* Begin PBXBuildFile section */
		1D457584195F14A000B4415B /* AppDelegate.swift in Sources */ = {isa = PBXBuildFile; fileRef = 1D457583195F14A000B4415B /* AppDelegate.swift */; };
		1D457586195F14A000B4415B /* ViewController.swift in Sources */ = {isa = PBXBuildFile; fileRef = 1D457585195F14A000B4415B /* ViewController.swift */; };
		1D457589195F14A000B4415B /* Main.storyboard in Resources */ = {isa = PBXBuildFile; fileRef = 1D457587195F14A000B4415B /* Main.storyboard */; };
		1D45758B195F14A000B4415B /* Images.xcassets in Resources */ = {isa = PBXBuildFile; fileRef = 1D45758A195F14A000B4415B /* Images.xcassets */; };
		1D457597195F14A000B4415B /* HackChatTests.swift in Sources */ = {isa = PBXBuildFile; fileRef = 1D457596195F14A000B4415B /* HackChatTests.swift */; };
		1D4575A1195F1C7700B4415B /* MPCHandler.swift in Sources */ = {isa = PBXBuildFile; fileRef = 1D4575A0195F1C7700B4415B /* MPCHandler.swift */; };
/* End PBXBuildFile section */

/* Begin PBXContainerItemProxy section */
		1D457591195F14A000B4415B /* PBXContainerItemProxy */ = {
			isa = PBXContainerItemProxy;
			containerPortal = 1D457576195F14A000B4415B /* Project object */;
			proxyType = 1;
			remoteGlobalIDString = 1D45757D195F14A000B4415B;
			remoteInfo = HackChat;
		};
/* End PBXContainerItemProxy section */

/* Begin PBXFileReference section */
		1D45757E195F14A000B4415B /* HackChat.app */ = {isa = PBXFileReference; explicitFileType = wrapper.application; includeInIndex = 0; path = HackChat.app; sourceTree = BUILT_PRODUCTS_DIR; };
		1D457582195F14A000B4415B /* Info.plist */ = {isa = PBXFileReference; lastKnownFileType = text.plist.xml; path = Info.plist; sourceTree = "<group>"; };
		1D457583195F14A000B4415B /* AppDelegate.swift */ = {isa = PBXFileReference; lastKnownFileType = sourcecode.swift; path = AppDelegate.swift; sourceTree = "<group>"; };
		1D457585195F14A000B4415B /* ViewController.swift */ = {isa = PBXFileReference; lastKnownFileType = sourcecode.swift; path = ViewController.swift; sourceTree = "<group>"; };
		1D457588195F14A000B4415B /* Base */ = {isa = PBXFileReference; lastKnownFileType = file.storyboard; name = Base; path = Base.lproj/Main.storyboard; sourceTree = "<group>"; };
		1D45758A195F14A000B4415B /* Images.xcassets */ = {isa = PBXFileReference; lastKnownFileType = folder.assetcatalog; path = Images.xcassets; sourceTree = "<group>"; };
		1D457590195F14A000B4415B /* HackChatTests.xctest */ = {isa = PBXFileReference; explicitFileType = wrapper.cfbundle; includeInIndex = 0; path = HackChatTests.xctest; sourceTree = BUILT_PRODUCTS_DIR; };
		1D457595195F14A000B4415B /* Info.plist */ = {isa = PBXFileReference; lastKnownFileType = text.plist.xml; path = Info.plist; sourceTree = "<group>"; };
		1D457596195F14A000B4415B /* HackChatTests.swift */ = {isa = PBXFileReference; lastKnownFileType = sourcecode.swift; path = HackChatTests.swift; sourceTree = "<group>"; };
		1D4575A0195F1C7700B4415B /* MPCHandler.swift */ = {isa = PBXFileReference; fileEncoding = 4; lastKnownFileType = sourcecode.swift; path = MPCHandler.swift; sourceTree = "<group>"; };
/* End PBXFileReference section */

/* Begin PBXFrameworksBuildPhase section */
		1D45757B195F14A000B4415B /* Frameworks */ = {
			isa = PBXFrameworksBuildPhase;
			buildActionMask = 2147483647;
			files = (
			);
			runOnlyForDeploymentPostprocessing = 0;
		};
		1D45758D195F14A000B4415B /* Frameworks */ = {
			isa = PBXFrameworksBuildPhase;
			buildActionMask = 2147483647;
			files = (
			);
			runOnlyForDeploymentPostprocessing = 0;
		};
/* End PBXFrameworksBuildPhase section */

/* Begin PBXGroup section */
		1D457575195F14A000B4415B = {
			isa = PBXGroup;
			children = (
				1D457580195F14A000B4415B /* HackChat */,
				1D457593195F14A000B4415B /* HackChatTests */,
				1D45757F195F14A000B4415B /* Products */,
			);
			sourceTree = "<group>";
		};
		1D45757F195F14A000B4415B /* Products */ = {
			isa = PBXGroup;
			children = (
				1D45757E195F14A000B4415B /* HackChat.app */,
				1D457590195F14A000B4415B /* HackChatTests.xctest */,
			);
			name = Products;
			sourceTree = "<group>";
		};
		1D457580195F14A000B4415B /* HackChat */ = {
			isa = PBXGroup;
			children = (
				1D457583195F14A000B4415B /* AppDelegate.swift */,
				1D457585195F14A000B4415B /* ViewController.swift */,
				1D4575A0195F1C7700B4415B /* MPCHandler.swift */,
				1D457587195F14A000B4415B /* Main.storyboard */,
				1D45758A195F14A000B4415B /* Images.xcassets */,
				1D457581195F14A000B4415B /* Supporting Files */,
			);
			path = HackChat;
			sourceTree = "<group>";
		};
		1D457581195F14A000B4415B /* Supporting Files */ = {
			isa = PBXGroup;
			children = (
				1D457582195F14A000B4415B /* Info.plist */,
			);
			name = "Supporting Files";
			sourceTree = "<group>";
		};
		1D457593195F14A000B4415B /* HackChatTests */ = {
			isa = PBXGroup;
			children = (
				1D457596195F14A000B4415B /* HackChatTests.swift */,
				1D457594195F14A000B4415B /* Supporting Files */,
			);
			path = HackChatTests;
			sourceTree = "<group>";
		};
		1D457594195F14A000B4415B /* Supporting Files */ = {
			isa = PBXGroup;
			children = (
				1D457595195F14A000B4415B /* Info.plist */,
			);
			name = "Supporting Files";
			sourceTree = "<group>";
		};
/* End PBXGroup section */

/* Begin PBXNativeTarget section */
		1D45757D195F14A000B4415B /* HackChat */ = {
			isa = PBXNativeTarget;
			buildConfigurationList = 1D45759A195F14A000B4415B /* Build configuration list for PBXNativeTarget "HackChat" */;
			buildPhases = (
				1D45757A195F14A000B4415B /* Sources */,
				1D45757B195F14A000B4415B /* Frameworks */,
				1D45757C195F14A000B4415B /* Resources */,
			);
			buildRules = (
			);
			dependencies = (
			);
			name = HackChat;
			productName = HackChat;
			productReference = 1D45757E195F14A000B4415B /* HackChat.app */;
			productType = "com.apple.product-type.application";
		};
		1D45758F195F14A000B4415B /* HackChatTests */ = {
			isa = PBXNativeTarget;
			buildConfigurationList = 1D45759D195F14A000B4415B /* Build configuration list for PBXNativeTarget "HackChatTests" */;
			buildPhases = (
				1D45758C195F14A000B4415B /* Sources */,
				1D45758D195F14A000B4415B /* Frameworks */,
				1D45758E195F14A000B4415B /* Resources */,
			);
			buildRules = (
			);
			dependencies = (
				1D457592195F14A000B4415B /* PBXTargetDependency */,
			);
			name = HackChatTests;
			productName = HackChatTests;
			productReference = 1D457590195F14A000B4415B /* HackChatTests.xctest */;
			productType = "com.apple.product-type.bundle.unit-test";
		};
/* End PBXNativeTarget section */

/* Begin PBXProject section */
		1D457576195F14A000B4415B /* Project object */ = {
			isa = PBXProject;
			attributes = {
				LastUpgradeCheck = 0600;
				ORGANIZATIONNAME = CHM;
				TargetAttributes = {
					1D45757D195F14A000B4415B = {
						CreatedOnToolsVersion = 6.0;
						DevelopmentTeam = TUYBNY3966;
					};
					1D45758F195F14A000B4415B = {
						CreatedOnToolsVersion = 6.0;
						TestTargetID = 1D45757D195F14A000B4415B;
					};
				};
			};
			buildConfigurationList = 1D457579195F14A000B4415B /* Build configuration list for PBXProject "HackChat" */;
			compatibilityVersion = "Xcode 3.2";
			developmentRegion = English;
			hasScannedForEncodings = 0;
			knownRegions = (
				en,
				Base,
			);
			mainGroup = 1D457575195F14A000B4415B;
			productRefGroup = 1D45757F195F14A000B4415B /* Products */;
			projectDirPath = "";
			projectRoot = "";
			targets = (
				1D45757D195F14A000B4415B /* HackChat */,
				1D45758F195F14A000B4415B /* HackChatTests */,
			);
		};
/* End PBXProject section */

/* Begin PBXResourcesBuildPhase section */
		1D45757C195F14A000B4415B /* Resources */ = {
			isa = PBXResourcesBuildPhase;
			buildActionMask = 2147483647;
			files = (
				1D457589195F14A000B4415B /* Main.storyboard in Resources */,
				1D45758B195F14A000B4415B /* Images.xcassets in Resources */,
			);
			runOnlyForDeploymentPostprocessing = 0;
		};
		1D45758E195F14A000B4415B /* Resources */ = {
			isa = PBXResourcesBuildPhase;
			buildActionMask = 2147483647;
			files = (
			);
			runOnlyForDeploymentPostprocessing = 0;
		};
/* End PBXResourcesBuildPhase section */

/* Begin PBXSourcesBuildPhase section */
		1D45757A195F14A000B4415B /* Sources */ = {
			isa = PBXSourcesBuildPhase;
			buildActionMask = 2147483647;
			files = (
				1D457586195F14A000B4415B /* ViewController.swift in Sources */,
				1D457584195F14A000B4415B /* AppDelegate.swift in Sources */,
				1D4575A1195F1C7700B4415B /* MPCHandler.swift in Sources */,
			);
			runOnlyForDeploymentPostprocessing = 0;
		};
		1D45758C195F14A000B4415B /* Sources */ = {
			isa = PBXSourcesBuildPhase;
			buildActionMask = 2147483647;
			files = (
				1D457597195F14A000B4415B /* HackChatTests.swift in Sources */,
			);
			runOnlyForDeploymentPostprocessing = 0;
		};
/* End PBXSourcesBuildPhase section */

/* Begin PBXTargetDependency section */
		1D457592195F14A000B4415B /* PBXTargetDependency */ = {
			isa = PBXTargetDependency;
			target = 1D45757D195F14A000B4415B /* HackChat */;
			targetProxy = 1D457591195F14A000B4415B /* PBXContainerItemProxy */;
		};
/* End PBXTargetDependency section */

/* Begin PBXVariantGroup section */
		1D457587195F14A000B4415B /* Main.storyboard */ = {
			isa = PBXVariantGroup;
			children = (
				1D457588195F14A000B4415B /* Base */,
			);
			name = Main.storyboard;
			sourceTree = "<group>";
		};
/* End PBXVariantGroup section */

/* Begin XCBuildConfiguration section */
		1D457598195F14A000B4415B /* Debug */ = {
			isa = XCBuildConfiguration;
			buildSettings = {
				ALWAYS_SEARCH_USER_PATHS = NO;
				CLANG_CXX_LANGUAGE_STANDARD = "gnu++0x";
				CLANG_CXX_LIBRARY = "libc++";
				CLANG_ENABLE_MODULES = YES;
				CLANG_ENABLE_OBJC_ARC = YES;
				CLANG_WARN_BOOL_CONVERSION = YES;
				CLANG_WARN_CONSTANT_CONVERSION = YES;
				CLANG_WARN_DIRECT_OBJC_ISA_USAGE = YES_ERROR;
				CLANG_WARN_EMPTY_BODY = YES;
				CLANG_WARN_ENUM_CONVERSION = YES;
				CLANG_WARN_INT_CONVERSION = YES;
				CLANG_WARN_OBJC_ROOT_CLASS = YES_ERROR;
				CLANG_WARN_UNREACHABLE_CODE = YES;
				CLANG_WARN__DUPLICATE_METHOD_MATCH = YES;
				"CODE_SIGN_IDENTITY[sdk=iphoneos*]" = "iPhone Developer";
				COPY_PHASE_STRIP = NO;
				ENABLE_STRICT_OBJC_MSGSEND = YES;
				GCC_C_LANGUAGE_STANDARD = gnu99;
				GCC_DYNAMIC_NO_PIC = NO;
				GCC_OPTIMIZATION_LEVEL = 0;
				GCC_PREPROCESSOR_DEFINITIONS = (
					"DEBUG=1",
					"$(inherited)",
				);
				GCC_SYMBOLS_PRIVATE_EXTERN = NO;
				GCC_WARN_64_TO_32_BIT_CONVERSION = YES;
				GCC_WARN_ABOUT_RETURN_TYPE = YES_ERROR;
				GCC_WARN_UNDECLARED_SELECTOR = YES;
				GCC_WARN_UNINITIALIZED_AUTOS = YES_AGGRESSIVE;
				GCC_WARN_UNUSED_FUNCTION = YES;
				GCC_WARN_UNUSED_VARIABLE = YES;
				IPHONEOS_DEPLOYMENT_TARGET = 7.1;
				METAL_ENABLE_DEBUG_INFO = YES;
				ONLY_ACTIVE_ARCH = YES;
				SDKROOT = iphoneos;
				SWIFT_OPTIMIZATION_LEVEL = "-Onone";
			};
			name = Debug;
		};
		1D457599195F14A000B4415B /* Release */ = {
			isa = XCBuildConfiguration;
			buildSettings = {
				ALWAYS_SEARCH_USER_PATHS = NO;
				CLANG_CXX_LANGUAGE_STANDARD = "gnu++0x";
				CLANG_CXX_LIBRARY = "libc++";
				CLANG_ENABLE_MODULES = YES;
				CLANG_ENABLE_OBJC_ARC = YES;
				CLANG_WARN_BOOL_CONVERSION = YES;
				CLANG_WARN_CONSTANT_CONVERSION = YES;
				CLANG_WARN_DIRECT_OBJC_ISA_USAGE = YES_ERROR;
				CLANG_WARN_EMPTY_BODY = YES;
				CLANG_WARN_ENUM_CONVERSION = YES;
				CLANG_WARN_INT_CONVERSION = YES;
				CLANG_WARN_OBJC_ROOT_CLASS = YES_ERROR;
				CLANG_WARN_UNREACHABLE_CODE = YES;
				CLANG_WARN__DUPLICATE_METHOD_MATCH = YES;
				"CODE_SIGN_IDENTITY[sdk=iphoneos*]" = "iPhone Developer";
				COPY_PHASE_STRIP = YES;
				ENABLE_NS_ASSERTIONS = NO;
				ENABLE_STRICT_OBJC_MSGSEND = YES;
				GCC_C_LANGUAGE_STANDARD = gnu99;
				GCC_WARN_64_TO_32_BIT_CONVERSION = YES;
				GCC_WARN_ABOUT_RETURN_TYPE = YES_ERROR;
				GCC_WARN_UNDECLARED_SELECTOR = YES;
				GCC_WARN_UNINITIALIZED_AUTOS = YES_AGGRESSIVE;
				GCC_WARN_UNUSED_FUNCTION = YES;
				GCC_WARN_UNUSED_VARIABLE = YES;
				IPHONEOS_DEPLOYMENT_TARGET = 7.1;
				METAL_ENABLE_DEBUG_INFO = NO;
				SDKROOT = iphoneos;
				VALIDATE_PRODUCT = YES;
			};
			name = Release;
		};
		1D45759B195F14A000B4415B /* Debug */ = {
			isa = XCBuildConfiguration;
			buildSettings = {
				ASSETCATALOG_COMPILER_APPICON_NAME = AppIcon;
				ASSETCATALOG_COMPILER_LAUNCHIMAGE_NAME = LaunchImage;
				INFOPLIST_FILE = HackChat/Info.plist;
				LD_RUNPATH_SEARCH_PATHS = "$(inherited) @executable_path/Frameworks";
				PRODUCT_NAME = "$(TARGET_NAME)";
			};
			name = Debug;
		};
		1D45759C195F14A000B4415B /* Release */ = {
			isa = XCBuildConfiguration;
			buildSettings = {
				ASSETCATALOG_COMPILER_APPICON_NAME = AppIcon;
				ASSETCATALOG_COMPILER_LAUNCHIMAGE_NAME = LaunchImage;
				INFOPLIST_FILE = HackChat/Info.plist;
				LD_RUNPATH_SEARCH_PATHS = "$(inherited) @executable_path/Frameworks";
				PRODUCT_NAME = "$(TARGET_NAME)";
			};
			name = Release;
		};
		1D45759E195F14A000B4415B /* Debug */ = {
			isa = XCBuildConfiguration;
			buildSettings = {
				BUNDLE_LOADER = "$(BUILT_PRODUCTS_DIR)/HackChat.app/HackChat";
				FRAMEWORK_SEARCH_PATHS = (
					"$(SDKROOT)/Developer/Library/Frameworks",
					"$(inherited)",
				);
				GCC_PREPROCESSOR_DEFINITIONS = (
					"DEBUG=1",
					"$(inherited)",
				);
				INFOPLIST_FILE = HackChatTests/Info.plist;
				LD_RUNPATH_SEARCH_PATHS = "$(inherited) @executable_path/Frameworks @loader_path/Frameworks";
				METAL_ENABLE_DEBUG_INFO = YES;
				PRODUCT_NAME = "$(TARGET_NAME)";
				TEST_HOST = "$(BUNDLE_LOADER)";
			};
			name = Debug;
		};
		1D45759F195F14A000B4415B /* Release */ = {
			isa = XCBuildConfiguration;
			buildSettings = {
				BUNDLE_LOADER = "$(BUILT_PRODUCTS_DIR)/HackChat.app/HackChat";
				FRAMEWORK_SEARCH_PATHS = (
					"$(SDKROOT)/Developer/Library/Frameworks",
					"$(inherited)",
				);
				INFOPLIST_FILE = HackChatTests/Info.plist;
				LD_RUNPATH_SEARCH_PATHS = "$(inherited) @executable_path/Frameworks @loader_path/Frameworks";
				METAL_ENABLE_DEBUG_INFO = NO;
				PRODUCT_NAME = "$(TARGET_NAME)";
				TEST_HOST = "$(BUNDLE_LOADER)";
			};
			name = Release;
		};
/* End XCBuildConfiguration section */

/* Begin XCConfigurationList section */
		1D457579195F14A000B4415B /* Build configuration list for PBXProject "HackChat" */ = {
			isa = XCConfigurationList;
			buildConfigurations = (
				1D457598195F14A000B4415B /* Debug */,
				1D457599195F14A000B4415B /* Release */,
			);
			defaultConfigurationIsVisible = 0;
			defaultConfigurationName = Release;
		};
		1D45759A195F14A000B4415B /* Build configuration list for PBXNativeTarget "HackChat" */ = {
			isa = XCConfigurationList;
			buildConfigurations = (
				1D45759B195F14A000B4415B /* Debug */,
				1D45759C195F14A000B4415B /* Release */,
			);
			defaultConfigurationIsVisible = 0;
		};
		1D45759D195F14A000B4415B /* Build configuration list for PBXNativeTarget "HackChatTests" */ = {
			isa = XCConfigurationList;
			buildConfigurations = (
				1D45759E195F14A000B4415B /* Debug */,
				1D45759F195F14A000B4415B /* Release */,
			);
			defaultConfigurationIsVisible = 0;
		};
/* End XCConfigurationList section */
	};
	rootObject = 1D457576195F14A000B4415B /* Project object */;
}
